
Microsoft Visual Studio Solution File, Format Version 12.00
# Visual Studio 15
VisualStudioVersion = 15.0.27703.2026
MinimumVisualStudioVersion = 10.0.40219.1
Project("{FAE04EC0-301F-11D3-BF4B-00C04F79EFBC}") = "Book", "Book\Book.csproj", "{F80F3AD4-0A84-4D1E-B5A6-3450D8ABDAAE}"
EndProject
Project("{FAE04EC0-301F-11D3-BF4B-00C04F79EFBC}") = "BusinessLogicLayer", "BusinessLogicLayer\BusinessLogicLayer.csproj", "{7860A990-B59A-4A70-8ABB-0507D5BD035E}"
EndProject
Project("{FAE04EC0-301F-11D3-BF4B-00C04F79EFBC}") = "DataAccessLayer", "DataAccessLayer\DataAccessLayer.csproj", "{DA7C69DE-255E-4F73-B640-2941742EE79C}"
EndProject
Global
	GlobalSection(SolutionConfigurationPlatforms) = preSolution
		Debug|Any CPU = Debug|Any CPU
		Release|Any CPU = Release|Any CPU
	EndGlobalSection
	GlobalSection(ProjectConfigurationPlatforms) = postSolution
		{F80F3AD4-0A84-4D1E-B5A6-3450D8ABDAAE}.Debug|Any CPU.ActiveCfg = Debug|Any CPU
		{F80F3AD4-0A84-4D1E-B5A6-3450D8ABDAAE}.Debug|Any CPU.Build.0 = Debug|Any CPU
		{F80F3AD4-0A84-4D1E-B5A6-3450D8ABDAAE}.Release|Any CPU.ActiveCfg = Release|Any CPU
		{F80F3AD4-0A84-4D1E-B5A6-3450D8ABDAAE}.Release|Any CPU.Build.0 = Release|Any CPU
		{7860A990-B59A-4A70-8ABB-0507D5BD035E}.Debug|Any CPU.ActiveCfg = Debug|Any CPU
		{7860A990-B59A-4A70-8ABB-0507D5BD035E}.Debug|Any CPU.Build.0 = Debug|Any CPU
		{7860A990-B59A-4A70-8ABB-0507D5BD035E}.Release|Any CPU.ActiveCfg = Release|Any CPU
		{7860A990-B59A-4A70-8ABB-0507D5BD035E}.Release|Any CPU.Build.0 = Release|Any CPU
		{DA7C69DE-255E-4F73-B640-2941742EE79C}.Debug|Any CPU.ActiveCfg = Debug|Any CPU
		{DA7C69DE-255E-4F73-B640-2941742EE79C}.Debug|Any CPU.Build.0 = Debug|Any CPU
		{DA7C69DE-255E-4F73-B640-2941742EE79C}.Release|Any CPU.ActiveCfg = Release|Any CPU
		{DA7C69DE-255E-4F73-B640-2941742EE79C}.Release|Any CPU.Build.0 = Release|Any CPU
	EndGlobalSection
	GlobalSection(SolutionProperties) = preSolution
		HideSolutionNode = FALSE
	EndGlobalSection
	GlobalSection(ExtensibilityGlobals) = postSolution
		SolutionGuid = {1ABF9CCD-BAEE-452C-B975-E00DD04A074C}
	EndGlobalSection
EndGlobal
